// !$*UTF8*$!
{
	archiveVersion = 1;
	classes = {
	};
	objectVersion = 56;
	objects = {

/* Begin PBXBuildFile section */
		F51BE72B2C21DC4400D60111 /* AppDelegate.swift in Sources */ = {isa = PBXBuildFile; fileRef = F51BE72A2C21DC4400D60111 /* AppDelegate.swift */; };
		F51BE72D2C21DC4400D60111 /* SceneDelegate.swift in Sources */ = {isa = PBXBuildFile; fileRef = F51BE72C2C21DC4400D60111 /* SceneDelegate.swift */; };
		F51BE72F2C21DC4400D60111 /* ViewController.swift in Sources */ = {isa = PBXBuildFile; fileRef = F51BE72E2C21DC4400D60111 /* ViewController.swift */; };
		F51BE7322C21DC4400D60111 /* Main.storyboard in Resources */ = {isa = PBXBuildFile; fileRef = F51BE7302C21DC4400D60111 /* Main.storyboard */; };
		F51BE7342C21DC4900D60111 /* Assets.xcassets in Resources */ = {isa = PBXBuildFile; fileRef = F51BE7332C21DC4900D60111 /* Assets.xcassets */; };
		F51BE7372C21DC4900D60111 /* LaunchScreen.storyboard in Resources */ = {isa = PBXBuildFile; fileRef = F51BE7352C21DC4900D60111 /* LaunchScreen.storyboard */; };
		F51BE7422C21DC4900D60111 /* Protect_FoodTests.swift in Sources */ = {isa = PBXBuildFile; fileRef = F51BE7412C21DC4900D60111 /* Protect_FoodTests.swift */; };
		F51BE74C2C21DC4A00D60111 /* Protect_FoodUITests.swift in Sources */ = {isa = PBXBuildFile; fileRef = F51BE74B2C21DC4A00D60111 /* Protect_FoodUITests.swift */; };
		F51BE74E2C21DC4A00D60111 /* Protect_FoodUITestsLaunchTests.swift in Sources */ = {isa = PBXBuildFile; fileRef = F51BE74D2C21DC4A00D60111 /* Protect_FoodUITestsLaunchTests.swift */; };
		F51BE7692C21F8C500D60111 /* Game.swift in Sources */ = {isa = PBXBuildFile; fileRef = F51BE7682C21F8C500D60111 /* Game.swift */; };
/* End PBXBuildFile section */

/* Begin PBXContainerItemProxy section */
		F51BE73E2C21DC4900D60111 /* PBXContainerItemProxy */ = {
			isa = PBXContainerItemProxy;
			containerPortal = F51BE71F2C21DC4400D60111 /* Project object */;
			proxyType = 1;
			remoteGlobalIDString = F51BE7262C21DC4400D60111;
			remoteInfo = "Protect Food";
		};
		F51BE7482C21DC4A00D60111 /* PBXContainerItemProxy */ = {
			isa = PBXContainerItemProxy;
			containerPortal = F51BE71F2C21DC4400D60111 /* Project object */;
			proxyType = 1;
			remoteGlobalIDString = F51BE7262C21DC4400D60111;
			remoteInfo = "Protect Food";
		};
/* End PBXContainerItemProxy section */

/* Begin PBXFileReference section */
		F51BE7272C21DC4400D60111 /* Protect Food.app */ = {isa = PBXFileReference; explicitFileType = wrapper.application; includeInIndex = 0; path = "Protect Food.app"; sourceTree = BUILT_PRODUCTS_DIR; };
		F51BE72A2C21DC4400D60111 /* AppDelegate.swift */ = {isa = PBXFileReference; lastKnownFileType = sourcecode.swift; path = AppDelegate.swift; sourceTree = "<group>"; };
		F51BE72C2C21DC4400D60111 /* SceneDelegate.swift */ = {isa = PBXFileReference; lastKnownFileType = sourcecode.swift; path = SceneDelegate.swift; sourceTree = "<group>"; };
		F51BE72E2C21DC4400D60111 /* ViewController.swift */ = {isa = PBXFileReference; lastKnownFileType = sourcecode.swift; path = ViewController.swift; sourceTree = "<group>"; };
		F51BE7312C21DC4400D60111 /* Base */ = {isa = PBXFileReference; lastKnownFileType = file.storyboard; name = Base; path = Base.lproj/Main.storyboard; sourceTree = "<group>"; };
		F51BE7332C21DC4900D60111 /* Assets.xcassets */ = {isa = PBXFileReference; lastKnownFileType = folder.assetcatalog; path = Assets.xcassets; sourceTree = "<group>"; };
		F51BE7362C21DC4900D60111 /* Base */ = {isa = PBXFileReference; lastKnownFileType = file.storyboard; name = Base; path = Base.lproj/LaunchScreen.storyboard; sourceTree = "<group>"; };
		F51BE7382C21DC4900D60111 /* Info.plist */ = {isa = PBXFileReference; lastKnownFileType = text.plist.xml; path = Info.plist; sourceTree = "<group>"; };
		F51BE73D2C21DC4900D60111 /* Protect FoodTests.xctest */ = {isa = PBXFileReference; explicitFileType = wrapper.cfbundle; includeInIndex = 0; path = "Protect FoodTests.xctest"; sourceTree = BUILT_PRODUCTS_DIR; };
		F51BE7412C21DC4900D60111 /* Protect_FoodTests.swift */ = {isa = PBXFileReference; lastKnownFileType = sourcecode.swift; path = Protect_FoodTests.swift; sourceTree = "<group>"; };
		F51BE7472C21DC4A00D60111 /* Protect FoodUITests.xctest */ = {isa = PBXFileReference; explicitFileType = wrapper.cfbundle; includeInIndex = 0; path = "Protect FoodUITests.xctest"; sourceTree = BUILT_PRODUCTS_DIR; };
		F51BE74B2C21DC4A00D60111 /* Protect_FoodUITests.swift */ = {isa = PBXFileReference; lastKnownFileType = sourcecode.swift; path = Protect_FoodUITests.swift; sourceTree = "<group>"; };
		F51BE74D2C21DC4A00D60111 /* Protect_FoodUITestsLaunchTests.swift */ = {isa = PBXFileReference; lastKnownFileType = sourcecode.swift; path = Protect_FoodUITestsLaunchTests.swift; sourceTree = "<group>"; };
		F51BE7682C21F8C500D60111 /* Game.swift */ = {isa = PBXFileReference; lastKnownFileType = sourcecode.swift; path = Game.swift; sourceTree = "<group>"; };
/* End PBXFileReference section */

/* Begin PBXFrameworksBuildPhase section */
		F51BE7242C21DC4400D60111 /* Frameworks */ = {
			isa = PBXFrameworksBuildPhase;
			buildActionMask = 2147483647;
			files = (
			);
			runOnlyForDeploymentPostprocessing = 0;
		};
		F51BE73A2C21DC4900D60111 /* Frameworks */ = {
			isa = PBXFrameworksBuildPhase;
			buildActionMask = 2147483647;
			files = (
			);
			runOnlyForDeploymentPostprocessing = 0;
		};
		F51BE7442C21DC4A00D60111 /* Frameworks */ = {
			isa = PBXFrameworksBuildPhase;
			buildActionMask = 2147483647;
			files = (
			);
			runOnlyForDeploymentPostprocessing = 0;
		};
/* End PBXFrameworksBuildPhase section */

/* Begin PBXGroup section */
		F51BE71E2C21DC4400D60111 = {
			isa = PBXGroup;
			children = (
				F51BE7292C21DC4400D60111 /* Protect Food */,
				F51BE7402C21DC4900D60111 /* Protect FoodTests */,
				F51BE74A2C21DC4A00D60111 /* Protect FoodUITests */,
				F51BE7282C21DC4400D60111 /* Products */,
			);
			sourceTree = "<group>";
		};
		F51BE7282C21DC4400D60111 /* Products */ = {
			isa = PBXGroup;
			children = (
				F51BE7272C21DC4400D60111 /* Protect Food.app */,
				F51BE73D2C21DC4900D60111 /* Protect FoodTests.xctest */,
				F51BE7472C21DC4A00D60111 /* Protect FoodUITests.xctest */,
			);
			name = Products;
			sourceTree = "<group>";
		};
		F51BE7292C21DC4400D60111 /* Protect Food */ = {
			isa = PBXGroup;
			children = (
				F51BE72A2C21DC4400D60111 /* AppDelegate.swift */,
				F51BE72C2C21DC4400D60111 /* SceneDelegate.swift */,
				F51BE72E2C21DC4400D60111 /* ViewController.swift */,
				F51BE7682C21F8C500D60111 /* Game.swift */,
				F51BE7302C21DC4400D60111 /* Main.storyboard */,
				F51BE7332C21DC4900D60111 /* Assets.xcassets */,
				F51BE7352C21DC4900D60111 /* LaunchScreen.storyboard */,
				F51BE7382C21DC4900D60111 /* Info.plist */,
			);
			path = "Protect Food";
			sourceTree = "<group>";
		};
		F51BE7402C21DC4900D60111 /* Protect FoodTests */ = {
			isa = PBXGroup;
			children = (
				F51BE7412C21DC4900D60111 /* Protect_FoodTests.swift */,
			);
			path = "Protect FoodTests";
			sourceTree = "<group>";
		};
		F51BE74A2C21DC4A00D60111 /* Protect FoodUITests */ = {
			isa = PBXGroup;
			children = (
				F51BE74B2C21DC4A00D60111 /* Protect_FoodUITests.swift */,
				F51BE74D2C21DC4A00D60111 /* Protect_FoodUITestsLaunchTests.swift */,
			);
			path = "Protect FoodUITests";
			sourceTree = "<group>";
		};
/* End PBXGroup section */

/* Begin PBXNativeTarget section */
		F51BE7262C21DC4400D60111 /* Protect Food */ = {
			isa = PBXNativeTarget;
			buildConfigurationList = F51BE7512C21DC4A00D60111 /* Build configuration list for PBXNativeTarget "Protect Food" */;
			buildPhases = (
				F51BE7232C21DC4400D60111 /* Sources */,
				F51BE7242C21DC4400D60111 /* Frameworks */,
				F51BE7252C21DC4400D60111 /* Resources */,
			);
			buildRules = (
			);
			dependencies = (
			);
			name = "Protect Food";
			productName = "Protect Food";
			productReference = F51BE7272C21DC4400D60111 /* Protect Food.app */;
			productType = "com.apple.product-type.application";
		};
		F51BE73C2C21DC4900D60111 /* Protect FoodTests */ = {
			isa = PBXNativeTarget;
			buildConfigurationList = F51BE7542C21DC4A00D60111 /* Build configuration list for PBXNativeTarget "Protect FoodTests" */;
			buildPhases = (
				F51BE7392C21DC4900D60111 /* Sources */,
				F51BE73A2C21DC4900D60111 /* Frameworks */,
				F51BE73B2C21DC4900D60111 /* Resources */,
			);
			buildRules = (
			);
			dependencies = (
				F51BE73F2C21DC4900D60111 /* PBXTargetDependency */,
			);
			name = "Protect FoodTests";
			productName = "Protect FoodTests";
			productReference = F51BE73D2C21DC4900D60111 /* Protect FoodTests.xctest */;
			productType = "com.apple.product-type.bundle.unit-test";
		};
		F51BE7462C21DC4A00D60111 /* Protect FoodUITests */ = {
			isa = PBXNativeTarget;
			buildConfigurationList = F51BE7572C21DC4A00D60111 /* Build configuration list for PBXNativeTarget "Protect FoodUITests" */;
			buildPhases = (
				F51BE7432C21DC4A00D60111 /* Sources */,
				F51BE7442C21DC4A00D60111 /* Frameworks */,
				F51BE7452C21DC4A00D60111 /* Resources */,
			);
			buildRules = (
			);
			dependencies = (
				F51BE7492C21DC4A00D60111 /* PBXTargetDependency */,
			);
			name = "Protect FoodUITests";
			productName = "Protect FoodUITests";
			productReference = F51BE7472C21DC4A00D60111 /* Protect FoodUITests.xctest */;
			productType = "com.apple.product-type.bundle.ui-testing";
		};
/* End PBXNativeTarget section */

/* Begin PBXProject section */
		F51BE71F2C21DC4400D60111 /* Project object */ = {
			isa = PBXProject;
			attributes = {
				BuildIndependentTargetsInParallel = 1;
				LastSwiftUpdateCheck = 1430;
				LastUpgradeCheck = 1430;
				TargetAttributes = {
					F51BE7262C21DC4400D60111 = {
						CreatedOnToolsVersion = 14.3.1;
					};
					F51BE73C2C21DC4900D60111 = {
						CreatedOnToolsVersion = 14.3.1;
						TestTargetID = F51BE7262C21DC4400D60111;
					};
					F51BE7462C21DC4A00D60111 = {
						CreatedOnToolsVersion = 14.3.1;
						TestTargetID = F51BE7262C21DC4400D60111;
					};
				};
			};
			buildConfigurationList = F51BE7222C21DC4400D60111 /* Build configuration list for PBXProject "Protect Food" */;
			compatibilityVersion = "Xcode 14.0";
			developmentRegion = en;
			hasScannedForEncodings = 0;
			knownRegions = (
				en,
				Base,
			);
			mainGroup = F51BE71E2C21DC4400D60111;
			productRefGroup = F51BE7282C21DC4400D60111 /* Products */;
			projectDirPath = "";
			projectRoot = "";
			targets = (
				F51BE7262C21DC4400D60111 /* Protect Food */,
				F51BE73C2C21DC4900D60111 /* Protect FoodTests */,
				F51BE7462C21DC4A00D60111 /* Protect FoodUITests */,
			);
		};
/* End PBXProject section */

/* Begin PBXResourcesBuildPhase section */
		F51BE7252C21DC4400D60111 /* Resources */ = {
			isa = PBXResourcesBuildPhase;
			buildActionMask = 2147483647;
			files = (
				F51BE7372C21DC4900D60111 /* LaunchScreen.storyboard in Resources */,
				F51BE7342C21DC4900D60111 /* Assets.xcassets in Resources */,
				F51BE7322C21DC4400D60111 /* Main.storyboard in Resources */,
			);
			runOnlyForDeploymentPostprocessing = 0;
		};
		F51BE73B2C21DC4900D60111 /* Resources */ = {
			isa = PBXResourcesBuildPhase;
			buildActionMask = 2147483647;
			files = (
			);
			runOnlyForDeploymentPostprocessing = 0;
		};
		F51BE7452C21DC4A00D60111 /* Resources */ = {
			isa = PBXResourcesBuildPhase;
			buildActionMask = 2147483647;
			files = (
			);
			runOnlyForDeploymentPostprocessing = 0;
		};
/* End PBXResourcesBuildPhase section */

/* Begin PBXSourcesBuildPhase section */
		F51BE7232C21DC4400D60111 /* Sources */ = {
			isa = PBXSourcesBuildPhase;
			buildActionMask = 2147483647;
			files = (
				F51BE72F2C21DC4400D60111 /* ViewController.swift in Sources */,
				F51BE72B2C21DC4400D60111 /* AppDelegate.swift in Sources */,
				F51BE72D2C21DC4400D60111 /* SceneDelegate.swift in Sources */,
				F51BE7692C21F8C500D60111 /* Game.swift in Sources */,
			);
			runOnlyForDeploymentPostprocessing = 0;
		};
		F51BE7392C21DC4900D60111 /* Sources */ = {
			isa = PBXSourcesBuildPhase;
			buildActionMask = 2147483647;
			files = (
				F51BE7422C21DC4900D60111 /* Protect_FoodTests.swift in Sources */,
			);
			runOnlyForDeploymentPostprocessing = 0;
		};
		F51BE7432C21DC4A00D60111 /* Sources */ = {
			isa = PBXSourcesBuildPhase;
			buildActionMask = 2147483647;
			files = (
				F51BE74E2C21DC4A00D60111 /* Protect_FoodUITestsLaunchTests.swift in Sources */,
				F51BE74C2C21DC4A00D60111 /* Protect_FoodUITests.swift in Sources */,
			);
			runOnlyForDeploymentPostprocessing = 0;
		};
/* End PBXSourcesBuildPhase section */

/* Begin PBXTargetDependency section */
		F51BE73F2C21DC4900D60111 /* PBXTargetDependency */ = {
			isa = PBXTargetDependency;
			target = F51BE7262C21DC4400D60111 /* Protect Food */;
			targetProxy = F51BE73E2C21DC4900D60111 /* PBXContainerItemProxy */;
		};
		F51BE7492C21DC4A00D60111 /* PBXTargetDependency */ = {
			isa = PBXTargetDependency;
			target = F51BE7262C21DC4400D60111 /* Protect Food */;
			targetProxy = F51BE7482C21DC4A00D60111 /* PBXContainerItemProxy */;
		};
/* End PBXTargetDependency section */

/* Begin PBXVariantGroup section */
		F51BE7302C21DC4400D60111 /* Main.storyboard */ = {
			isa = PBXVariantGroup;
			children = (
				F51BE7312C21DC4400D60111 /* Base */,
			);
			name = Main.storyboard;
			sourceTree = "<group>";
		};
		F51BE7352C21DC4900D60111 /* LaunchScreen.storyboard */ = {
			isa = PBXVariantGroup;
			children = (
				F51BE7362C21DC4900D60111 /* Base */,
			);
			name = LaunchScreen.storyboard;
			sourceTree = "<group>";
		};
/* End PBXVariantGroup section */

/* Begin XCBuildConfiguration section */
		F51BE74F2C21DC4A00D60111 /* Debug */ = {
			isa = XCBuildConfiguration;
			buildSettings = {
				ALWAYS_SEARCH_USER_PATHS = NO;
				CLANG_ANALYZER_NONNULL = YES;
				CLANG_ANALYZER_NUMBER_OBJECT_CONVERSION = YES_AGGRESSIVE;
				CLANG_CXX_LANGUAGE_STANDARD = "gnu++20";
				CLANG_ENABLE_MODULES = YES;
				CLANG_ENABLE_OBJC_ARC = YES;
				CLANG_ENABLE_OBJC_WEAK = YES;
				CLANG_WARN_BLOCK_CAPTURE_AUTORELEASING = YES;
				CLANG_WARN_BOOL_CONVERSION = YES;
				CLANG_WARN_COMMA = YES;
				CLANG_WARN_CONSTANT_CONVERSION = YES;
				CLANG_WARN_DEPRECATED_OBJC_IMPLEMENTATIONS = YES;
				CLANG_WARN_DIRECT_OBJC_ISA_USAGE = YES_ERROR;
				CLANG_WARN_DOCUMENTATION_COMMENTS = YES;
				CLANG_WARN_EMPTY_BODY = YES;
				CLANG_WARN_ENUM_CONVERSION = YES;
				CLANG_WARN_INFINITE_RECURSION = YES;
				CLANG_WARN_INT_CONVERSION = YES;
				CLANG_WARN_NON_LITERAL_NULL_CONVERSION = YES;
				CLANG_WARN_OBJC_IMPLICIT_RETAIN_SELF = YES;
				CLANG_WARN_OBJC_LITERAL_CONVERSION = YES;
				CLANG_WARN_OBJC_ROOT_CLASS = YES_ERROR;
				CLANG_WARN_QUOTED_INCLUDE_IN_FRAMEWORK_HEADER = YES;
				CLANG_WARN_RANGE_LOOP_ANALYSIS = YES;
				CLANG_WARN_STRICT_PROTOTYPES = YES;
				CLANG_WARN_SUSPICIOUS_MOVE = YES;
				CLANG_WARN_UNGUARDED_AVAILABILITY = YES_AGGRESSIVE;
				CLANG_WARN_UNREACHABLE_CODE = YES;
				CLANG_WARN__DUPLICATE_METHOD_MATCH = YES;
				COPY_PHASE_STRIP = NO;
				DEBUG_INFORMATION_FORMAT = dwarf;
				ENABLE_STRICT_OBJC_MSGSEND = YES;
				ENABLE_TESTABILITY = YES;
				GCC_C_LANGUAGE_STANDARD = gnu11;
				GCC_DYNAMIC_NO_PIC = NO;
				GCC_NO_COMMON_BLOCKS = YES;
				GCC_OPTIMIZATION_LEVEL = 0;
				GCC_PREPROCESSOR_DEFINITIONS = (
					"DEBUG=1",
					"$(inherited)",
				);
				GCC_WARN_64_TO_32_BIT_CONVERSION = YES;
				GCC_WARN_ABOUT_RETURN_TYPE = YES_ERROR;
				GCC_WARN_UNDECLARED_SELECTOR = YES;
				GCC_WARN_UNINITIALIZED_AUTOS = YES_AGGRESSIVE;
				GCC_WARN_UNUSED_FUNCTION = YES;
				GCC_WARN_UNUSED_VARIABLE = YES;
				IPHONEOS_DEPLOYMENT_TARGET = 16.4;
				MTL_ENABLE_DEBUG_INFO = INCLUDE_SOURCE;
				MTL_FAST_MATH = YES;
				ONLY_ACTIVE_ARCH = YES;
				SDKROOT = iphoneos;
				SWIFT_ACTIVE_COMPILATION_CONDITIONS = DEBUG;
				SWIFT_OPTIMIZATION_LEVEL = "-Onone";
			};
			name = Debug;
		};
		F51BE7502C21DC4A00D60111 /* Release */ = {
			isa = XCBuildConfiguration;
			buildSettings = {
				ALWAYS_SEARCH_USER_PATHS = NO;
				CLANG_ANALYZER_NONNULL = YES;
				CLANG_ANALYZER_NUMBER_OBJECT_CONVERSION = YES_AGGRESSIVE;
				CLANG_CXX_LANGUAGE_STANDARD = "gnu++20";
				CLANG_ENABLE_MODULES = YES;
				CLANG_ENABLE_OBJC_ARC = YES;
				CLANG_ENABLE_OBJC_WEAK = YES;
				CLANG_WARN_BLOCK_CAPTURE_AUTORELEASING = YES;
				CLANG_WARN_BOOL_CONVERSION = YES;
				CLANG_WARN_COMMA = YES;
				CLANG_WARN_CONSTANT_CONVERSION = YES;
				CLANG_WARN_DEPRECATED_OBJC_IMPLEMENTATIONS = YES;
				CLANG_WARN_DIRECT_OBJC_ISA_USAGE = YES_ERROR;
				CLANG_WARN_DOCUMENTATION_COMMENTS = YES;
				CLANG_WARN_EMPTY_BODY = YES;
				CLANG_WARN_ENUM_CONVERSION = YES;
				CLANG_WARN_INFINITE_RECURSION = YES;
				CLANG_WARN_INT_CONVERSION = YES;
				CLANG_WARN_NON_LITERAL_NULL_CONVERSION = YES;
				CLANG_WARN_OBJC_IMPLICIT_RETAIN_SELF = YES;
				CLANG_WARN_OBJC_LITERAL_CONVERSION = YES;
				CLANG_WARN_OBJC_ROOT_CLASS = YES_ERROR;
				CLANG_WARN_QUOTED_INCLUDE_IN_FRAMEWORK_HEADER = YES;
				CLANG_WARN_RANGE_LOOP_ANALYSIS = YES;
				CLANG_WARN_STRICT_PROTOTYPES = YES;
				CLANG_WARN_SUSPICIOUS_MOVE = YES;
				CLANG_WARN_UNGUARDED_AVAILABILITY = YES_AGGRESSIVE;
				CLANG_WARN_UNREACHABLE_CODE = YES;
				CLANG_WARN__DUPLICATE_METHOD_MATCH = YES;
				COPY_PHASE_STRIP = NO;
				DEBUG_INFORMATION_FORMAT = "dwarf-with-dsym";
				ENABLE_NS_ASSERTIONS = NO;
				ENABLE_STRICT_OBJC_MSGSEND = YES;
				GCC_C_LANGUAGE_STANDARD = gnu11;
				GCC_NO_COMMON_BLOCKS = YES;
				GCC_WARN_64_TO_32_BIT_CONVERSION = YES;
				GCC_WARN_ABOUT_RETURN_TYPE = YES_ERROR;
				GCC_WARN_UNDECLARED_SELECTOR = YES;
				GCC_WARN_UNINITIALIZED_AUTOS = YES_AGGRESSIVE;
				GCC_WARN_UNUSED_FUNCTION = YES;
				GCC_WARN_UNUSED_VARIABLE = YES;
				IPHONEOS_DEPLOYMENT_TARGET = 16.4;
				MTL_ENABLE_DEBUG_INFO = NO;
				MTL_FAST_MATH = YES;
				SDKROOT = iphoneos;
				SWIFT_COMPILATION_MODE = wholemodule;
				SWIFT_OPTIMIZATION_LEVEL = "-O";
				VALIDATE_PRODUCT = YES;
			};
			name = Release;
		};
		F51BE7522C21DC4A00D60111 /* Debug */ = {
			isa = XCBuildConfiguration;
			buildSettings = {
				ASSETCATALOG_COMPILER_APPICON_NAME = AppIcon;
				ASSETCATALOG_COMPILER_GLOBAL_ACCENT_COLOR_NAME = AccentColor;
				CODE_SIGN_STYLE = Automatic;
				CURRENT_PROJECT_VERSION = 1;
				GENERATE_INFOPLIST_FILE = YES;
				INFOPLIST_FILE = "Protect Food/Info.plist";
				INFOPLIST_KEY_UIApplicationSupportsIndirectInputEvents = YES;
				INFOPLIST_KEY_UILaunchStoryboardName = LaunchScreen;
				INFOPLIST_KEY_UIMainStoryboardFile = Main;
				INFOPLIST_KEY_UISupportedInterfaceOrientations_iPad = "UIInterfaceOrientationPortrait UIInterfaceOrientationPortraitUpsideDown UIInterfaceOrientationLandscapeLeft UIInterfaceOrientationLandscapeRight";
				INFOPLIST_KEY_UISupportedInterfaceOrientations_iPhone = "UIInterfaceOrientationPortrait UIInterfaceOrientationLandscapeLeft UIInterfaceOrientationLandscapeRight";
				LD_RUNPATH_SEARCH_PATHS = (
					"$(inherited)",
					"@executable_path/Frameworks",
				);
				MARKETING_VERSION = 1.0;
				PRODUCT_BUNDLE_IDENTIFIER = "moonsu.Protect-Food";
				PRODUCT_NAME = "$(TARGET_NAME)";
				SWIFT_EMIT_LOC_STRINGS = YES;
				SWIFT_VERSION = 5.0;
				TARGETED_DEVICE_FAMILY = "1,2";
			};
			name = Debug;
		};
		F51BE7532C21DC4A00D60111 /* Release */ = {
			isa = XCBuildConfiguration;
			buildSettings = {
				ASSETCATALOG_COMPILER_APPICON_NAME = AppIcon;
				ASSETCATALOG_COMPILER_GLOBAL_ACCENT_COLOR_NAME = AccentColor;
				CODE_SIGN_STYLE = Automatic;
				CURRENT_PROJECT_VERSION = 1;
				GENERATE_INFOPLIST_FILE = YES;
				INFOPLIST_FILE = "Protect Food/Info.plist";
				INFOPLIST_KEY_UIApplicationSupportsIndirectInputEvents = YES;
				INFOPLIST_KEY_UILaunchStoryboardName = LaunchScreen;
				INFOPLIST_KEY_UIMainStoryboardFile = Main;
				INFOPLIST_KEY_UISupportedInterfaceOrientations_iPad = "UIInterfaceOrientationPortrait UIInterfaceOrientationPortraitUpsideDown UIInterfaceOrientationLandscapeLeft UIInterfaceOrientationLandscapeRight";
				INFOPLIST_KEY_UISupportedInterfaceOrientations_iPhone = "UIInterfaceOrientationPortrait UIInterfaceOrientationLandscapeLeft UIInterfaceOrientationLandscapeRight";
				LD_RUNPATH_SEARCH_PATHS = (
					"$(inherited)",
					"@executable_path/Frameworks",
				);
				MARKETING_VERSION = 1.0;
				PRODUCT_BUNDLE_IDENTIFIER = "moonsu.Protect-Food";
				PRODUCT_NAME = "$(TARGET_NAME)";
				SWIFT_EMIT_LOC_STRINGS = YES;
				SWIFT_VERSION = 5.0;
				TARGETED_DEVICE_FAMILY = "1,2";
			};
			name = Release;
		};
		F51BE7552C21DC4A00D60111 /* Debug */ = {
			isa = XCBuildConfiguration;
			buildSettings = {
				ALWAYS_EMBED_SWIFT_STANDARD_LIBRARIES = YES;
				BUNDLE_LOADER = "$(TEST_HOST)";
				CODE_SIGN_STYLE = Automatic;
				CURRENT_PROJECT_VERSION = 1;
				GENERATE_INFOPLIST_FILE = YES;
				IPHONEOS_DEPLOYMENT_TARGET = 16.4;
				MARKETING_VERSION = 1.0;
				PRODUCT_BUNDLE_IDENTIFIER = "moonsu.Protect-FoodTests";
				PRODUCT_NAME = "$(TARGET_NAME)";
				SWIFT_EMIT_LOC_STRINGS = NO;
				SWIFT_VERSION = 5.0;
				TARGETED_DEVICE_FAMILY = "1,2";
				TEST_HOST = "$(BUILT_PRODUCTS_DIR)/Protect Food.app/$(BUNDLE_EXECUTABLE_FOLDER_PATH)/Protect Food";
			};
			name = Debug;
		};
		F51BE7562C21DC4A00D60111 /* Release */ = {
			isa = XCBuildConfiguration;
			buildSettings = {
				ALWAYS_EMBED_SWIFT_STANDARD_LIBRARIES = YES;
				BUNDLE_LOADER = "$(TEST_HOST)";
				CODE_SIGN_STYLE = Automatic;
				CURRENT_PROJECT_VERSION = 1;
				GENERATE_INFOPLIST_FILE = YES;
				IPHONEOS_DEPLOYMENT_TARGET = 16.4;
				MARKETING_VERSION = 1.0;
				PRODUCT_BUNDLE_IDENTIFIER = "moonsu.Protect-FoodTests";
				PRODUCT_NAME = "$(TARGET_NAME)";
				SWIFT_EMIT_LOC_STRINGS = NO;
				SWIFT_VERSION = 5.0;
				TARGETED_DEVICE_FAMILY = "1,2";
				TEST_HOST = "$(BUILT_PRODUCTS_DIR)/Protect Food.app/$(BUNDLE_EXECUTABLE_FOLDER_PATH)/Protect Food";
			};
			name = Release;
		};
		F51BE7582C21DC4A00D60111 /* Debug */ = {
			isa = XCBuildConfiguration;
			buildSettings = {
				ALWAYS_EMBED_SWIFT_STANDARD_LIBRARIES = YES;
				CODE_SIGN_STYLE = Automatic;
				CURRENT_PROJECT_VERSION = 1;
				GENERATE_INFOPLIST_FILE = YES;
				MARKETING_VERSION = 1.0;
				PRODUCT_BUNDLE_IDENTIFIER = "moonsu.Protect-FoodUITests";
				PRODUCT_NAME = "$(TARGET_NAME)";
				SWIFT_EMIT_LOC_STRINGS = NO;
				SWIFT_VERSION = 5.0;
				TARGETED_DEVICE_FAMILY = "1,2";
				TEST_TARGET_NAME = "Protect Food";
			};
			name = Debug;
		};
		F51BE7592C21DC4A00D60111 /* Release */ = {
			isa = XCBuildConfiguration;
			buildSettings = {
				ALWAYS_EMBED_SWIFT_STANDARD_LIBRARIES = YES;
				CODE_SIGN_STYLE = Automatic;
				CURRENT_PROJECT_VERSION = 1;
				GENERATE_INFOPLIST_FILE = YES;
				MARKETING_VERSION = 1.0;
				PRODUCT_BUNDLE_IDENTIFIER = "moonsu.Protect-FoodUITests";
				PRODUCT_NAME = "$(TARGET_NAME)";
				SWIFT_EMIT_LOC_STRINGS = NO;
				SWIFT_VERSION = 5.0;
				TARGETED_DEVICE_FAMILY = "1,2";
				TEST_TARGET_NAME = "Protect Food";
			};
			name = Release;
		};
/* End XCBuildConfiguration section */

/* Begin XCConfigurationList section */
		F51BE7222C21DC4400D60111 /* Build configuration list for PBXProject "Protect Food" */ = {
			isa = XCConfigurationList;
			buildConfigurations = (
				F51BE74F2C21DC4A00D60111 /* Debug */,
				F51BE7502C21DC4A00D60111 /* Release */,
			);
			defaultConfigurationIsVisible = 0;
			defaultConfigurationName = Release;
		};
		F51BE7512C21DC4A00D60111 /* Build configuration list for PBXNativeTarget "Protect Food" */ = {
			isa = XCConfigurationList;
			buildConfigurations = (
				F51BE7522C21DC4A00D60111 /* Debug */,
				F51BE7532C21DC4A00D60111 /* Release */,
			);
			defaultConfigurationIsVisible = 0;
			defaultConfigurationName = Release;
		};
		F51BE7542C21DC4A00D60111 /* Build configuration list for PBXNativeTarget "Protect FoodTests" */ = {
			isa = XCConfigurationList;
			buildConfigurations = (
				F51BE7552C21DC4A00D60111 /* Debug */,
				F51BE7562C21DC4A00D60111 /* Release */,
			);
			defaultConfigurationIsVisible = 0;
			defaultConfigurationName = Release;
		};
		F51BE7572C21DC4A00D60111 /* Build configuration list for PBXNativeTarget "Protect FoodUITests" */ = {
			isa = XCConfigurationList;
			buildConfigurations = (
				F51BE7582C21DC4A00D60111 /* Debug */,
				F51BE7592C21DC4A00D60111 /* Release */,
			);
			defaultConfigurationIsVisible = 0;
			defaultConfigurationName = Release;
		};
/* End XCConfigurationList section */
	};
	rootObject = F51BE71F2C21DC4400D60111 /* Project object */;
}
